
Microsoft Visual Studio Solution File, Format Version 12.00
# Visual Studio Version 16
VisualStudioVersion = 16.0.31515.178
MinimumVisualStudioVersion = 10.0.40219.1
Project("{FAE04EC0-301F-11D3-BF4B-00C04F79EFBC}") = "App3.Android", "App3\App3.Android\App3.Android.csproj", "{B12208EC-9766-4367-8AB5-2BF19AACCF4F}"
EndProject
Project("{FAE04EC0-301F-11D3-BF4B-00C04F79EFBC}") = "App3.iOS", "App3\App3.iOS\App3.iOS.csproj", "{59F8D333-4D3B-4617-8A25-188BDD0B0A4E}"
EndProject
Project("{FAE04EC0-301F-11D3-BF4B-00C04F79EFBC}") = "App3", "App3\App3\App3.csproj", "{CF071A19-7D93-4BCE-8E0E-3C54B6C6125C}"
EndProject
Global
	GlobalSection(SolutionConfigurationPlatforms) = preSolution
		Debug|Any CPU = Debug|Any CPU
		Debug|iPhone = Debug|iPhone
		Debug|iPhoneSimulator = Debug|iPhoneSimulator
		Release|Any CPU = Release|Any CPU
		Release|iPhone = Release|iPhone
		Release|iPhoneSimulator = Release|iPhoneSimulator
	EndGlobalSection
	GlobalSection(ProjectConfigurationPlatforms) = postSolution
		{B12208EC-9766-4367-8AB5-2BF19AACCF4F}.Debug|Any CPU.ActiveCfg = Debug|Any CPU
		{B12208EC-9766-4367-8AB5-2BF19AACCF4F}.Debug|Any CPU.Build.0 = Debug|Any CPU
		{B12208EC-9766-4367-8AB5-2BF19AACCF4F}.Debug|Any CPU.Deploy.0 = Debug|Any CPU
		{B12208EC-9766-4367-8AB5-2BF19AACCF4F}.Debug|iPhone.ActiveCfg = Debug|Any CPU
		{B12208EC-9766-4367-8AB5-2BF19AACCF4F}.Debug|iPhone.Build.0 = Debug|Any CPU
		{B12208EC-9766-4367-8AB5-2BF19AACCF4F}.Debug|iPhone.Deploy.0 = Debug|Any CPU
		{B12208EC-9766-4367-8AB5-2BF19AACCF4F}.Debug|iPhoneSimulator.ActiveCfg = Debug|Any CPU
		{B12208EC-9766-4367-8AB5-2BF19AACCF4F}.Debug|iPhoneSimulator.Build.0 = Debug|Any CPU
		{B12208EC-9766-4367-8AB5-2BF19AACCF4F}.Debug|iPhoneSimulator.Deploy.0 = Debug|Any CPU
		{B12208EC-9766-4367-8AB5-2BF19AACCF4F}.Release|Any CPU.ActiveCfg = Release|Any CPU
		{B12208EC-9766-4367-8AB5-2BF19AACCF4F}.Release|Any CPU.Build.0 = Release|Any CPU
		{B12208EC-9766-4367-8AB5-2BF19AACCF4F}.Release|Any CPU.Deploy.0 = Release|Any CPU
		{B12208EC-9766-4367-8AB5-2BF19AACCF4F}.Release|iPhone.ActiveCfg = Release|Any CPU
		{B12208EC-9766-4367-8AB5-2BF19AACCF4F}.Release|iPhone.Build.0 = Release|Any CPU
		{B12208EC-9766-4367-8AB5-2BF19AACCF4F}.Release|iPhone.Deploy.0 = Release|Any CPU
		{B12208EC-9766-4367-8AB5-2BF19AACCF4F}.Release|iPhoneSimulator.ActiveCfg = Release|Any CPU
		{B12208EC-9766-4367-8AB5-2BF19AACCF4F}.Release|iPhoneSimulator.Build.0 = Release|Any CPU
		{B12208EC-9766-4367-8AB5-2BF19AACCF4F}.Release|iPhoneSimulator.Deploy.0 = Release|Any CPU
		{59F8D333-4D3B-4617-8A25-188BDD0B0A4E}.Debug|Any CPU.ActiveCfg = Debug|iPhone
		{59F8D333-4D3B-4617-8A25-188BDD0B0A4E}.Debug|Any CPU.Build.0 = Debug|iPhone
		{59F8D333-4D3B-4617-8A25-188BDD0B0A4E}.Debug|Any CPU.Deploy.0 = Debug|iPhone
		{59F8D333-4D3B-4617-8A25-188BDD0B0A4E}.Debug|iPhone.ActiveCfg = Debug|iPhone
		{59F8D333-4D3B-4617-8A25-188BDD0B0A4E}.Debug|iPhone.Build.0 = Debug|iPhone
		{59F8D333-4D3B-4617-8A25-188BDD0B0A4E}.Debug|iPhone.Deploy.0 = Debug|iPhone
		{59F8D333-4D3B-4617-8A25-188BDD0B0A4E}.Debug|iPhoneSimulator.ActiveCfg = Debug|iPhoneSimulator
		{59F8D333-4D3B-4617-8A25-188BDD0B0A4E}.Debug|iPhoneSimulator.Build.0 = Debug|iPhoneSimulator
		{59F8D333-4D3B-4617-8A25-188BDD0B0A4E}.Debug|iPhoneSimulator.Deploy.0 = Debug|iPhoneSimulator
		{59F8D333-4D3B-4617-8A25-188BDD0B0A4E}.Release|Any CPU.ActiveCfg = Release|iPhoneSimulator
		{59F8D333-4D3B-4617-8A25-188BDD0B0A4E}.Release|Any CPU.Build.0 = Release|iPhoneSimulator
		{59F8D333-4D3B-4617-8A25-188BDD0B0A4E}.Release|Any CPU.Deploy.0 = Release|iPhoneSimulator
		{59F8D333-4D3B-4617-8A25-188BDD0B0A4E}.Release|iPhone.ActiveCfg = Release|iPhone
		{59F8D333-4D3B-4617-8A25-188BDD0B0A4E}.Release|iPhone.Build.0 = Release|iPhone
		{59F8D333-4D3B-4617-8A25-188BDD0B0A4E}.Release|iPhone.Deploy.0 = Release|iPhone
		{59F8D333-4D3B-4617-8A25-188BDD0B0A4E}.Release|iPhoneSimulator.ActiveCfg = Release|iPhoneSimulator
		{59F8D333-4D3B-4617-8A25-188BDD0B0A4E}.Release|iPhoneSimulator.Build.0 = Release|iPhoneSimulator
		{59F8D333-4D3B-4617-8A25-188BDD0B0A4E}.Release|iPhoneSimulator.Deploy.0 = Release|iPhoneSimulator
		{CF071A19-7D93-4BCE-8E0E-3C54B6C6125C}.Debug|Any CPU.ActiveCfg = Debug|Any CPU
		{CF071A19-7D93-4BCE-8E0E-3C54B6C6125C}.Debug|Any CPU.Build.0 = Debug|Any CPU
		{CF071A19-7D93-4BCE-8E0E-3C54B6C6125C}.Debug|Any CPU.Deploy.0 = Debug|Any CPU
		{CF071A19-7D93-4BCE-8E0E-3C54B6C6125C}.Debug|iPhone.ActiveCfg = Debug|Any CPU
		{CF071A19-7D93-4BCE-8E0E-3C54B6C6125C}.Debug|iPhone.Build.0 = Debug|Any CPU
		{CF071A19-7D93-4BCE-8E0E-3C54B6C6125C}.Debug|iPhone.Deploy.0 = Debug|Any CPU
		{CF071A19-7D93-4BCE-8E0E-3C54B6C6125C}.Debug|iPhoneSimulator.ActiveCfg = Debug|Any CPU
		{CF071A19-7D93-4BCE-8E0E-3C54B6C6125C}.Debug|iPhoneSimulator.Build.0 = Debug|Any CPU
		{CF071A19-7D93-4BCE-8E0E-3C54B6C6125C}.Debug|iPhoneSimulator.Deploy.0 = Debug|Any CPU
		{CF071A19-7D93-4BCE-8E0E-3C54B6C6125C}.Release|Any CPU.ActiveCfg = Release|Any CPU
		{CF071A19-7D93-4BCE-8E0E-3C54B6C6125C}.Release|Any CPU.Build.0 = Release|Any CPU
		{CF071A19-7D93-4BCE-8E0E-3C54B6C6125C}.Release|Any CPU.Deploy.0 = Release|Any CPU
		{CF071A19-7D93-4BCE-8E0E-3C54B6C6125C}.Release|iPhone.ActiveCfg = Release|Any CPU
		{CF071A19-7D93-4BCE-8E0E-3C54B6C6125C}.Release|iPhone.Build.0 = Release|Any CPU
		{CF071A19-7D93-4BCE-8E0E-3C54B6C6125C}.Release|iPhone.Deploy.0 = Release|Any CPU
		{CF071A19-7D93-4BCE-8E0E-3C54B6C6125C}.Release|iPhoneSimulator.ActiveCfg = Release|Any CPU
		{CF071A19-7D93-4BCE-8E0E-3C54B6C6125C}.Release|iPhoneSimulator.Build.0 = Release|Any CPU
		{CF071A19-7D93-4BCE-8E0E-3C54B6C6125C}.Release|iPhoneSimulator.Deploy.0 = Release|Any CPU
	EndGlobalSection
	GlobalSection(SolutionProperties) = preSolution
		HideSolutionNode = FALSE
	EndGlobalSection
	GlobalSection(ExtensibilityGlobals) = postSolution
		SolutionGuid = {2BEDC675-96FC-45E7-8EB7-F655356441F1}
	EndGlobalSection
EndGlobal
